
Microsoft Visual Studio Solution File, Format Version 12.00
# Visual Studio Version 16
VisualStudioVersion = 16.0.32106.194
MinimumVisualStudioVersion = 10.0.40219.1
Project("{FAE04EC0-301F-11D3-BF4B-00C04F79EFBC}") = "ATMSimulator", "ATMSimulator.csproj", "{CCAD4418-F5A5-4A97-BC07-B59D21E1322C}"
EndProject
Global
	GlobalSection(SolutionConfigurationPlatforms) = preSolution
		Debug|Any CPU = Debug|Any CPU
		Release|Any CPU = Release|Any CPU
	EndGlobalSection
	GlobalSection(ProjectConfigurationPlatforms) = postSolution
		{CCAD4418-F5A5-4A97-BC07-B59D21E1322C}.Debug|Any CPU.ActiveCfg = Debug|Any CPU
		{CCAD4418-F5A5-4A97-BC07-B59D21E1322C}.Debug|Any CPU.Build.0 = Debug|Any CPU
		{CCAD4418-F5A5-4A97-BC07-B59D21E1322C}.Release|Any CPU.ActiveCfg = Release|Any CPU
		{CCAD4418-F5A5-4A97-BC07-B59D21E1322C}.Release|Any CPU.Build.0 = Release|Any CPU
	EndGlobalSection
	GlobalSection(SolutionProperties) = preSolution
		HideSolutionNode = FALSE
	EndGlobalSection
	GlobalSection(ExtensibilityGlobals) = postSolution
		SolutionGuid = {265B9ABD-14B0-4555-B6C2-38942B2735DD}
	EndGlobalSection
EndGlobal
